<?xml version="1.0" encoding="utf-8"?>
<Project ToolsVersion="4.0" xmlns="http://schemas.microsoft.com/developer/msbuild/2003">
  <ItemGroup>
    <Filter Include="Cervidae">
      <UniqueIdentifier>{f5b62b27-3736-4789-bc01-c0d58a3925f4}</UniqueIdentifier>
    </Filter>
    <Filter Include="Cervidae\Classes">
      <UniqueIdentifier>{4953c3e8-8b49-4c05-9d0a-cba829bfd246}</UniqueIdentifier>
    </Filter>
    <Filter Include="Cervidae\Classes\Scene">
      <UniqueIdentifier>{4da6d29a-e15c-4cf4-8cac-01ce8ab1c7d7}</UniqueIdentifier>
    </Filter>
    <Filter Include="Cervidae\Classes\Scene\Initialize">
      <UniqueIdentifier>{5fcadc07-2d96-4418-b7bf-699fd2455019}</UniqueIdentifier>
    </Filter>
    <Filter Include="Cervidae\Classes\Common">
      <UniqueIdentifier>{eb18f5e1-d0a5-4fe9-902f-3e52e67470f9}</UniqueIdentifier>
    </Filter>
    <Filter Include="Cervidae\Classes\Common\CervidaeLib">
      <UniqueIdentifier>{69e1b652-3487-4c9e-ac0b-37a25c3697de}</UniqueIdentifier>
    </Filter>
    <Filter Include="Cervidae\Classes\Libs">
      <UniqueIdentifier>{c1233d2f-f146-467a-8904-5215905b36ca}</UniqueIdentifier>
    </Filter>
    <Filter Include="Cervidae\Classes\Libs\DxLib">
      <UniqueIdentifier>{f12d2709-c019-4406-9ffd-e443bc4bfb16}</UniqueIdentifier>
    </Filter>
    <Filter Include="Cervidae\Classes\System">
      <UniqueIdentifier>{45e6e1a2-49e7-4cb7-8d0e-31b89c6f70a3}</UniqueIdentifier>
    </Filter>
    <Filter Include="Cervidae\Classes\System\Process">
      <UniqueIdentifier>{e20e1d29-bebd-41fa-9edd-99021742c914}</UniqueIdentifier>
    </Filter>
    <Filter Include="Cervidae\Classes\System\Task">
      <UniqueIdentifier>{8298a112-1344-4d92-88a2-907be94336e9}</UniqueIdentifier>
    </Filter>
    <Filter Include="Cervidae\Classes\Libs\Lua">
      <UniqueIdentifier>{3e6c9d16-28fc-42c4-a32e-7caeb9cfbaa2}</UniqueIdentifier>
    </Filter>
    <Filter Include="Cervidae\Classes\Common\CervidaeLib\Utility">
      <UniqueIdentifier>{3a6e4fad-6c08-4b87-bfd3-797576e38789}</UniqueIdentifier>
    </Filter>
    <Filter Include="Cervidae\Classes\Libs\DxLib\Initialize">
      <UniqueIdentifier>{68d11343-274d-4f9e-9c3b-4d1e4dff73df}</UniqueIdentifier>
    </Filter>
    <Filter Include="Cervidae\Classes\Libs\DxLib\Input">
      <UniqueIdentifier>{ab995803-29ae-4975-8f5a-b96ee7989af6}</UniqueIdentifier>
    </Filter>
    <Filter Include="Cervidae\Classes\Libs\Effekseer">
      <UniqueIdentifier>{edc86f88-90ae-40f4-87a1-f57526f67185}</UniqueIdentifier>
    </Filter>
    <Filter Include="Cervidae\Classes\Common\CervidaeLib\Template">
      <UniqueIdentifier>{ae1b72b7-2881-4aa3-9ec0-5715da614382}</UniqueIdentifier>
    </Filter>
    <Filter Include="Cervidae\Classes\Libs\CRI">
      <UniqueIdentifier>{ceca2a2e-7283-46e7-8d0e-6c29e70ac02e}</UniqueIdentifier>
    </Filter>
    <Filter Include="Cervidae\Classes\Libs\DxLib\Debug">
      <UniqueIdentifier>{6af64b1a-26cb-4d5b-8b61-4ce11f3e1372}</UniqueIdentifier>
    </Filter>
  </ItemGroup>
  <ItemGroup>
    <ClCompile Include="..\Cervidae\Classes\Scene\Initialize\InitializeScene.cpp">
      <Filter>Cervidae\Classes\Scene\Initialize</Filter>
    </ClCompile>
    <ClCompile Include="..\Cervidae\Classes\Scene\StartScene.cpp">
      <Filter>Cervidae\Classes\Scene</Filter>
    </ClCompile>
    <ClCompile Include="..\Cervidae\Classes\System\Process\AppProcess.cpp">
      <Filter>Cervidae\Classes\System\Process</Filter>
    </ClCompile>
    <ClCompile Include="..\Cervidae\Classes\System\Task\TaskInfo.cpp">
      <Filter>Cervidae\Classes\System\Task</Filter>
    </ClCompile>
    <ClCompile Include="..\Cervidae\Classes\System\AppSystem.cpp">
      <Filter>Cervidae\Classes\System</Filter>
    </ClCompile>
    <ClCompile Include="..\Cervidae\Classes\System\Task\TaskLib.cpp">
      <Filter>Cervidae\Classes\System\Task</Filter>
    </ClCompile>
    <ClCompile Include="..\Cervidae\Classes\Main.cpp">
      <Filter>Cervidae\Classes</Filter>
    </ClCompile>
    <ClCompile Include="..\Cervidae\Classes\Libs\DxLib\dxLibCommon.cpp">
      <Filter>Cervidae\Classes\Libs\DxLib</Filter>
    </ClCompile>
    <ClCompile Include="..\Cervidae\Classes\Libs\DxLib\initialize\dxLibInit.cpp">
      <Filter>Cervidae\Classes\Libs\DxLib\Initialize</Filter>
    </ClCompile>
    <ClCompile Include="..\Cervidae\Classes\Libs\DxLib\initialize\dxLibSetup.cpp">
      <Filter>Cervidae\Classes\Libs\DxLib\Initialize</Filter>
    </ClCompile>
    <ClCompile Include="..\Cervidae\Classes\Common\CervidaeLib\Utility\UtilityMoveLine.cpp">
      <Filter>Cervidae\Classes\Common\CervidaeLib\Utility</Filter>
    </ClCompile>
    <ClCompile Include="..\Cervidae\Classes\System\AppSetting.cpp">
      <Filter>Cervidae\Classes\System</Filter>
    </ClCompile>
    <ClCompile Include="..\Cervidae\Classes\Libs\DxLib\Input\dxLibKeyPadUtility.cpp">
      <Filter>Cervidae\Classes\Libs\DxLib\Input</Filter>
    </ClCompile>
    <ClCompile Include="..\Cervidae\Classes\Common\CervidaeLib\Utility\UtilityForOperat.cpp">
      <Filter>Cervidae\Classes\Common\CervidaeLib\Utility</Filter>
    </ClCompile>
    <ClCompile Include="..\Cervidae\Classes\Libs\Effekseer\appEffekseer.cpp">
      <Filter>Cervidae\Classes\Libs\Effekseer</Filter>
    </ClCompile>
    <ClCompile Include="..\Cervidae\Classes\Libs\Effekseer\appEffekseerLib.cpp">
      <Filter>Cervidae\Classes\Libs\Effekseer</Filter>
    </ClCompile>
  </ItemGroup>
  <ItemGroup>
    <ClInclude Include="..\Cervidae\Classes\Scene\Initialize\InitializeScene.h">
      <Filter>Cervidae\Classes\Scene\Initialize</Filter>
    </ClInclude>
    <ClInclude Include="..\Cervidae\Classes\Common\CervidaeLib\CLDefine.h">
      <Filter>Cervidae\Classes\Common\CervidaeLib</Filter>
    </ClInclude>
    <ClInclude Include="..\Cervidae\Classes\Scene\StartScene.h">
      <Filter>Cervidae\Classes\Scene</Filter>
    </ClInclude>
    <ClInclude Include="..\Cervidae\Classes\Libs\DxLib\dxLibDefine.h">
      <Filter>Cervidae\Classes\Libs\DxLib</Filter>
    </ClInclude>
    <ClInclude Include="..\Cervidae\Classes\System\Process\AppProcess.h">
      <Filter>Cervidae\Classes\System\Process</Filter>
    </ClInclude>
    <ClInclude Include="..\Cervidae\Classes\System\AppSystem.h">
      <Filter>Cervidae\Classes\System</Filter>
    </ClInclude>
    <ClInclude Include="..\Cervidae\Classes\Common\CommonList.h">
      <Filter>Cervidae\Classes\Common</Filter>
    </ClInclude>
    <ClInclude Include="..\Cervidae\Classes\System\Task\TaskInfo.h">
      <Filter>Cervidae\Classes\System\Task</Filter>
    </ClInclude>
    <ClInclude Include="..\Cervidae\Classes\System\Task\TaskLib.h">
      <Filter>Cervidae\Classes\System\Task</Filter>
    </ClInclude>
    <ClInclude Include="..\Cervidae\Classes\Main.h">
      <Filter>Cervidae\Classes</Filter>
    </ClInclude>
    <ClInclude Include="..\Cervidae\Classes\Libs\DxLib\dxLibCommon.h">
      <Filter>Cervidae\Classes\Libs\DxLib</Filter>
    </ClInclude>
    <ClInclude Include="..\Cervidae\Classes\Libs\DxLib\initialize\dxLibInit.h">
      <Filter>Cervidae\Classes\Libs\DxLib\Initialize</Filter>
    </ClInclude>
    <ClInclude Include="..\Cervidae\Classes\Libs\DxLib\initialize\dxLibSetup.h">
      <Filter>Cervidae\Classes\Libs\DxLib\Initialize</Filter>
    </ClInclude>
    <ClInclude Include="..\Cervidae\Classes\Common\CervidaeLib\Utility\UtilityMoveLine.h">
      <Filter>Cervidae\Classes\Common\CervidaeLib\Utility</Filter>
    </ClInclude>
    <ClInclude Include="..\Cervidae\Classes\Common\CervidaeLib\Utility\UtilityMoveCalculat.h">
      <Filter>Cervidae\Classes\Common\CervidaeLib\Utility</Filter>
    </ClInclude>
    <ClInclude Include="..\Cervidae\Classes\System\AppSetting.h">
      <Filter>Cervidae\Classes\System</Filter>
    </ClInclude>
    <ClInclude Include="..\Cervidae\Classes\Libs\DxLib\Input\dxLibInputConfig.h">
      <Filter>Cervidae\Classes\Libs\DxLib\Input</Filter>
    </ClInclude>
    <ClInclude Include="..\Cervidae\Classes\Libs\DxLib\Input\dxLibKeyPadUtility.h">
      <Filter>Cervidae\Classes\Libs\DxLib\Input</Filter>
    </ClInclude>
    <ClInclude Include="..\Cervidae\Classes\Common\CervidaeLib\Utility\UtilityForOperat.h">
      <Filter>Cervidae\Classes\Common\CervidaeLib\Utility</Filter>
    </ClInclude>
    <ClInclude Include="..\Cervidae\Classes\Common\CervidaeLib\Utility\UtilityMoveWait.h">
      <Filter>Cervidae\Classes\Common\CervidaeLib\Utility</Filter>
    </ClInclude>
    <ClInclude Include="..\Cervidae\Classes\Libs\Effekseer\appEffekseer.h">
      <Filter>Cervidae\Classes\Libs\Effekseer</Filter>
    </ClInclude>
    <ClInclude Include="..\Cervidae\Classes\Libs\Effekseer\appEffekseerLib.h">
      <Filter>Cervidae\Classes\Libs\Effekseer</Filter>
    </ClInclude>
  </ItemGroup>
</Project>