<?xml version="1.0" encoding="utf-8"?>
<Project ToolsVersion="4.0" xmlns="http://schemas.microsoft.com/developer/msbuild/2003">
  <ItemGroup>
    <Filter Include="Cervidae">
      <UniqueIdentifier>{f5b62b27-3736-4789-bc01-c0d58a3925f4}</UniqueIdentifier>
    </Filter>
    <Filter Include="Cervidae\Classes">
      <UniqueIdentifier>{4953c3e8-8b49-4c05-9d0a-cba829bfd246}</UniqueIdentifier>
    </Filter>
    <Filter Include="Cervidae\Classes\Scene">
      <UniqueIdentifier>{4da6d29a-e15c-4cf4-8cac-01ce8ab1c7d7}</UniqueIdentifier>
    </Filter>
    <Filter Include="Cervidae\Classes\Scene\Initialize">
      <UniqueIdentifier>{5fcadc07-2d96-4418-b7bf-699fd2455019}</UniqueIdentifier>
    </Filter>
    <Filter Include="Cervidae\Classes\Common">
      <UniqueIdentifier>{eb18f5e1-d0a5-4fe9-902f-3e52e67470f9}</UniqueIdentifier>
    </Filter>
    <Filter Include="Cervidae\Classes\Common\CervidaeLib">
      <UniqueIdentifier>{69e1b652-3487-4c9e-ac0b-37a25c3697de}</UniqueIdentifier>
    </Filter>
    <Filter Include="Cervidae\Classes\Libs">
      <UniqueIdentifier>{c1233d2f-f146-467a-8904-5215905b36ca}</UniqueIdentifier>
    </Filter>
    <Filter Include="Cervidae\Classes\Libs\DxLib">
      <UniqueIdentifier>{f12d2709-c019-4406-9ffd-e443bc4bfb16}</UniqueIdentifier>
    </Filter>
    <Filter Include="Cervidae\Classes\System">
      <UniqueIdentifier>{45e6e1a2-49e7-4cb7-8d0e-31b89c6f70a3}</UniqueIdentifier>
    </Filter>
  </ItemGroup>
  <ItemGroup>
    <ClCompile Include="..\Cervidae\Classes\Scene\Initialize\InitializeScene.cpp">
      <Filter>Cervidae\Classes\Scene\Initialize</Filter>
    </ClCompile>
    <ClCompile Include="..\Cervidae\Classes\CLAppDelegate.cpp">
      <Filter>Cervidae\Classes</Filter>
    </ClCompile>
    <ClCompile Include="..\Cervidae\Classes\Scene\StartScene.cpp">
      <Filter>Cervidae\Classes\Scene</Filter>
    </ClCompile>
    <ClCompile Include="..\Cervidae\Classes\Libs\DxLib\dxLibSetup.cpp">
      <Filter>Cervidae\Classes\Libs\DxLib</Filter>
    </ClCompile>
    <ClCompile Include="..\Cervidae\Classes\Libs\DxLib\dxLibInit.cpp">
      <Filter>Cervidae\Classes\Libs\DxLib</Filter>
    </ClCompile>
  </ItemGroup>
  <ItemGroup>
    <ClInclude Include="..\Cervidae\Classes\Scene\Initialize\InitializeScene.h">
      <Filter>Cervidae\Classes\Scene\Initialize</Filter>
    </ClInclude>
    <ClInclude Include="..\Cervidae\Classes\Common\CervidaeLib\CLDefine.h">
      <Filter>Cervidae\Classes\Common\CervidaeLib</Filter>
    </ClInclude>
    <ClInclude Include="..\Cervidae\Classes\CLAppDelegate.h">
      <Filter>Cervidae\Classes</Filter>
    </ClInclude>
    <ClInclude Include="..\Cervidae\Classes\Common\CervidaeCommon.h">
      <Filter>Cervidae\Classes\Common</Filter>
    </ClInclude>
    <ClInclude Include="..\Cervidae\Classes\Scene\StartScene.h">
      <Filter>Cervidae\Classes\Scene</Filter>
    </ClInclude>
    <ClInclude Include="..\Cervidae\Classes\Libs\DxLib\dxLibSetup.h">
      <Filter>Cervidae\Classes\Libs\DxLib</Filter>
    </ClInclude>
    <ClInclude Include="..\Cervidae\Classes\Libs\DxLib\dxLibInit.h">
      <Filter>Cervidae\Classes\Libs\DxLib</Filter>
    </ClInclude>
  </ItemGroup>
</Project>